{
  "name": "react-qt2",
  "version": "1.0.0",
  "lockfileVersion": 1,
  "requires": true,
  "dependencies": {
    "@types/node": {
      "version": "14.14.35",
      "resolved": "http://artifactory.intra.xiaojukeji.com:80/artifactory/api/npm/npm/@types/node/download/@types/node-14.14.35.tgz",
      "integrity": "sha1-QslTpOKxirkx9yR35wEhcvT/oxM="
    },
    "ansi-styles": {
      "version": "4.3.0",
      "resolved": "http://artifactory.intra.xiaojukeji.com:80/artifactory/api/npm/npm/ansi-styles/download/ansi-styles-4.3.0.tgz",
      "integrity": "sha1-7dgDYornHATIWuegkG7a00tkiTc=",
      "requires": {
        "color-convert": "^2.0.1"
      }
    },
    "arg": {
      "version": "4.1.3",
      "resolved": "http://artifactory.intra.xiaojukeji.com:80/artifactory/api/npm/npm/arg/download/arg-4.1.3.tgz",
      "integrity": "sha1-Jp/HrVuOQstjyJbVZmAXJhwUQIk="
    },
    "at-least-node": {
      "version": "1.0.0",
      "resolved": "http://artifactory.intra.xiaojukeji.com:80/artifactory/api/npm/npm/at-least-node/download/at-least-node-1.0.0.tgz",
      "integrity": "sha1-YCzUtG6EStTv/JKoARo8RuAjjcI="
    },
    "buffer-from": {
      "version": "1.1.1",
      "resolved": "http://artifactory.intra.xiaojukeji.com:80/artifactory/api/npm/npm/buffer-from/download/buffer-from-1.1.1.tgz",
      "integrity": "sha1-MnE7wCj3XAL9txDXx7zsHyxgcO8="
    },
    "chalk": {
      "version": "4.1.0",
      "resolved": "http://artifactory.intra.xiaojukeji.com:80/artifactory/api/npm/npm/chalk/download/chalk-4.1.0.tgz",
      "integrity": "sha1-ThSHCmGNni7dl92DRf2dncMVZGo=",
      "requires": {
        "ansi-styles": "^4.1.0",
        "supports-color": "^7.1.0"
      }
    },
    "color-convert": {
      "version": "2.0.1",
      "resolved": "http://artifactory.intra.xiaojukeji.com:80/artifactory/api/npm/npm/color-convert/download/color-convert-2.0.1.tgz",
      "integrity": "sha1-ctOmjVmMm9s68q0ehPIdiWq9TeM=",
      "requires": {
        "color-name": "~1.1.4"
      }
    },
    "color-name": {
      "version": "1.1.4",
      "resolved": "http://artifactory.intra.xiaojukeji.com:80/artifactory/api/npm/npm/color-name/download/color-name-1.1.4.tgz",
      "integrity": "sha1-wqCah6y95pVD3m9j+jmVyCbFNqI="
    },
    "commander": {
      "version": "7.1.0",
      "resolved": "http://artifactory.intra.xiaojukeji.com:80/artifactory/api/npm/npm/commander/download/commander-7.1.0.tgz",
      "integrity": "sha1-8urs8THxDjbgfYlGmCJuNq4Otf8="
    },
    "create-require": {
      "version": "1.1.1",
      "resolved": "http://artifactory.intra.xiaojukeji.com:80/artifactory/api/npm/npm/create-require/download/create-require-1.1.1.tgz",
      "integrity": "sha1-wdfo8eX2z8n/ZfnNNS03NIdWwzM="
    },
    "cross-spawn": {
      "version": "7.0.3",
      "resolved": "http://artifactory.intra.xiaojukeji.com:80/artifactory/api/npm/npm/cross-spawn/download/cross-spawn-7.0.3.tgz",
      "integrity": "sha1-9zqFudXUHQRVUcF34ogtSshXKKY=",
      "requires": {
        "path-key": "^3.1.0",
        "shebang-command": "^2.0.0",
        "which": "^2.0.1"
      }
    },
    "diff": {
      "version": "4.0.2",
      "resolved": "http://artifactory.intra.xiaojukeji.com:80/artifactory/api/npm/npm/diff/download/diff-4.0.2.tgz",
      "integrity": "sha1-YPOuy4nV+uUgwRqhnvwruYKq3n0="
    },
    "execa": {
      "version": "5.0.0",
      "resolved": "http://artifactory.intra.xiaojukeji.com:80/artifactory/api/npm/npm/execa/download/execa-5.0.0.tgz",
      "integrity": "sha1-QCmwAHmYqEH70QMuX03oajweM3Y=",
      "requires": {
        "cross-spawn": "^7.0.3",
        "get-stream": "^6.0.0",
        "human-signals": "^2.1.0",
        "is-stream": "^2.0.0",
        "merge-stream": "^2.0.0",
        "npm-run-path": "^4.0.1",
        "onetime": "^5.1.2",
        "signal-exit": "^3.0.3",
        "strip-final-newline": "^2.0.0"
      }
    },
    "fs-extra": {
      "version": "9.1.0",
      "resolved": "http://artifactory.intra.xiaojukeji.com:80/artifactory/api/npm/npm/fs-extra/download/fs-extra-9.1.0.tgz",
      "integrity": "sha1-WVRGDHZKjaIJS6NVS/g55rmnyG0=",
      "requires": {
        "at-least-node": "^1.0.0",
        "graceful-fs": "^4.2.0",
        "jsonfile": "^6.0.1",
        "universalify": "^2.0.0"
      }
    },
    "get-stream": {
      "version": "6.0.0",
      "resolved": "http://artifactory.intra.xiaojukeji.com:80/artifactory/api/npm/npm/get-stream/download/get-stream-6.0.0.tgz",
      "integrity": "sha1-PgASy2gnMZ2icG5gGhWD6GKaZxg="
    },
    "graceful-fs": {
      "version": "4.2.6",
      "resolved": "http://artifactory.intra.xiaojukeji.com:80/artifactory/api/npm/npm/graceful-fs/download/graceful-fs-4.2.6.tgz",
      "integrity": "sha1-/wQLKwhTsjw9MQJ1I3BvGIXXa+4="
    },
    "has-flag": {
      "version": "4.0.0",
      "resolved": "http://artifactory.intra.xiaojukeji.com:80/artifactory/api/npm/npm/has-flag/download/has-flag-4.0.0.tgz",
      "integrity": "sha1-lEdx/ZyByBJlxNaUGGDaBrtZR5s="
    },
    "human-signals": {
      "version": "2.1.0",
      "resolved": "http://artifactory.intra.xiaojukeji.com:80/artifactory/api/npm/npm/human-signals/download/human-signals-2.1.0.tgz",
      "integrity": "sha1-3JH8ukLk0G5Kuu0zs+ejwC9RTqA="
    },
    "is-stream": {
      "version": "2.0.0",
      "resolved": "http://artifactory.intra.xiaojukeji.com:80/artifactory/api/npm/npm/is-stream/download/is-stream-2.0.0.tgz",
      "integrity": "sha1-venDJoDW+uBBKdasnZIc54FfeOM="
    },
    "isexe": {
      "version": "2.0.0",
      "resolved": "http://artifactory.intra.xiaojukeji.com:80/artifactory/api/npm/npm/isexe/download/isexe-2.0.0.tgz",
      "integrity": "sha1-6PvzdNxVb/iUehDcsFctYz8s+hA="
    },
    "jsonfile": {
      "version": "6.1.0",
      "resolved": "http://artifactory.intra.xiaojukeji.com:80/artifactory/api/npm/npm/jsonfile/download/jsonfile-6.1.0.tgz",
      "integrity": "sha1-vFWyY0eTxnnsZAMJTrE2mKbsCq4=",
      "requires": {
        "graceful-fs": "^4.1.6",
        "universalify": "^2.0.0"
      }
    },
    "make-error": {
      "version": "1.3.6",
      "resolved": "http://artifactory.intra.xiaojukeji.com:80/artifactory/api/npm/npm/make-error/download/make-error-1.3.6.tgz",
      "integrity": "sha1-LrLjfqm2fEiR9oShOUeZr0hM96I="
    },
    "merge-stream": {
      "version": "2.0.0",
      "resolved": "http://artifactory.intra.xiaojukeji.com:80/artifactory/api/npm/npm/merge-stream/download/merge-stream-2.0.0.tgz",
      "integrity": "sha1-UoI2KaFN0AyXcPtq1H3GMQ8sH2A="
    },
    "mimic-fn": {
      "version": "2.1.0",
      "resolved": "http://artifactory.intra.xiaojukeji.com:80/artifactory/api/npm/npm/mimic-fn/download/mimic-fn-2.1.0.tgz",
      "integrity": "sha1-ftLCzMyvhNP/y3pptXcR/CCDQBs="
    },
    "npm-run-path": {
      "version": "4.0.1",
      "resolved": "http://artifactory.intra.xiaojukeji.com:80/artifactory/api/npm/npm/npm-run-path/download/npm-run-path-4.0.1.tgz",
      "integrity": "sha1-t+zR5e1T2o43pV4cImnguX7XSOo=",
      "requires": {
        "path-key": "^3.0.0"
      }
    },
    "onetime": {
      "version": "5.1.2",
      "resolved": "http://artifactory.intra.xiaojukeji.com:80/artifactory/api/npm/npm/onetime/download/onetime-5.1.2.tgz",
      "integrity": "sha1-0Oluu1awdHbfHdnEgG5SN5hcpF4=",
      "requires": {
        "mimic-fn": "^2.1.0"
      }
    },
    "path-key": {
      "version": "3.1.1",
      "resolved": "http://artifactory.intra.xiaojukeji.com:80/artifactory/api/npm/npm/path-key/download/path-key-3.1.1.tgz",
      "integrity": "sha1-WB9q3mWMu6ZaDTOA3ndTKVBU83U="
    },
    "shebang-command": {
      "version": "2.0.0",
      "resolved": "http://artifactory.intra.xiaojukeji.com:80/artifactory/api/npm/npm/shebang-command/download/shebang-command-2.0.0.tgz",
      "integrity": "sha1-zNCvT4g1+9wmW4JGGq8MNmY/NOo=",
      "requires": {
        "shebang-regex": "^3.0.0"
      }
    },
    "shebang-regex": {
      "version": "3.0.0",
      "resolved": "http://artifactory.intra.xiaojukeji.com:80/artifactory/api/npm/npm/shebang-regex/download/shebang-regex-3.0.0.tgz",
      "integrity": "sha1-rhbxZE2HPsrYQ7AwexQzYtTEIXI="
    },
    "signal-exit": {
      "version": "3.0.3",
      "resolved": "http://artifactory.intra.xiaojukeji.com:80/artifactory/api/npm/npm/signal-exit/download/signal-exit-3.0.3.tgz",
      "integrity": "sha1-oUEMLt2PB3sItOJTyOrPyvBXRhw="
    },
    "source-map": {
      "version": "0.6.1",
      "resolved": "http://artifactory.intra.xiaojukeji.com:80/artifactory/api/npm/npm/source-map/download/source-map-0.6.1.tgz",
      "integrity": "sha1-dHIq8y6WFOnCh6jQu95IteLxomM="
    },
    "source-map-support": {
      "version": "0.5.19",
      "resolved": "http://artifactory.intra.xiaojukeji.com:80/artifactory/api/npm/npm/source-map-support/download/source-map-support-0.5.19.tgz",
      "integrity": "sha1-qYti+G3K9PZzmWSMCFKRq56P7WE=",
      "requires": {
        "buffer-from": "^1.0.0",
        "source-map": "^0.6.0"
      }
    },
    "strip-final-newline": {
      "version": "2.0.0",
      "resolved": "http://artifactory.intra.xiaojukeji.com:80/artifactory/api/npm/npm/strip-final-newline/download/strip-final-newline-2.0.0.tgz",
      "integrity": "sha1-ibhS+y/L6Tb29LMYevsKEsGrWK0="
    },
    "supports-color": {
      "version": "7.2.0",
      "resolved": "http://artifactory.intra.xiaojukeji.com:80/artifactory/api/npm/npm/supports-color/download/supports-color-7.2.0.tgz",
      "integrity": "sha1-G33NyzK4E4gBs+R4umpRyqiWSNo=",
      "requires": {
        "has-flag": "^4.0.0"
      }
    },
    "ts-node": {
      "version": "9.1.1",
      "resolved": "http://artifactory.intra.xiaojukeji.com:80/artifactory/api/npm/npm/ts-node/download/ts-node-9.1.1.tgz",
      "integrity": "sha1-UamkUKPpWUAb2l8ASnLVS5NtN20=",
      "requires": {
        "arg": "^4.1.0",
        "create-require": "^1.1.0",
        "diff": "^4.0.1",
        "make-error": "^1.1.1",
        "source-map-support": "^0.5.17",
        "yn": "3.1.1"
      }
    },
    "typescript": {
      "version": "4.2.3",
      "resolved": "http://artifactory.intra.xiaojukeji.com:80/artifactory/api/npm/npm/typescript/download/typescript-4.2.3.tgz",
      "integrity": "sha1-OQYtgBmRLUNyYpjwlJPVmASMHOM="
    },
    "universalify": {
      "version": "2.0.0",
      "resolved": "http://artifactory.intra.xiaojukeji.com:80/artifactory/api/npm/npm/universalify/download/universalify-2.0.0.tgz",
      "integrity": "sha1-daSYTv7cSwiXXFrrc/Uw0C3yVxc="
    },
    "which": {
      "version": "2.0.2",
      "resolved": "http://artifactory.intra.xiaojukeji.com:80/artifactory/api/npm/npm/which/download/which-2.0.2.tgz",
      "integrity": "sha1-fGqN0KY2oDJ+ELWckobu6T8/UbE=",
      "requires": {
        "isexe": "^2.0.0"
      }
    },
    "yn": {
      "version": "3.1.1",
      "resolved": "http://artifactory.intra.xiaojukeji.com:80/artifactory/api/npm/npm/yn/download/yn-3.1.1.tgz",
      "integrity": "sha1-HodAGgnXZ8HV6rJqbkwYUYLS61A="
    }
  }
}
